# This file is autogenerated, do not edit; changes may be undone by the next 'dep ensure'.


[[projects]]
  branch = "master"
  name = "github.com/iovisor/gobpf"
  packages = ["."]
  revision = "a71f0ba22ab9a56897bdb3e6ba873550cecbea0f"

[solve-meta]
  analyzer-name = "dep"
  analyzer-version = 1
  inputs-digest = "bf4e92e1046ac4d9a1ceda970b4ba67ab1d41819a66154f951ac49b7a64848c2"
  solver-name = "gps-cdcl"
  solver-version = 1
